
Microsoft Visual Studio Solution File, Format Version 12.00
# Visual Studio Version 17
VisualStudioVersion = 17.14.35821.62 d17.14
MinimumVisualStudioVersion = 10.0.40219.1
Project("{FAE04EC0-301F-11D3-BF4B-00C04F79EFBC}") = "SmartAppointmentBookingSystem.Web", "SmartAppointmentBookingSystem.Web\SmartAppointmentBookingSystem.Web.csproj", "{B6EFDFF0-6BF6-4F52-B5D2-20718DC1E6BA}"
EndProject
Project("{FAE04EC0-301F-11D3-BF4B-00C04F79EFBC}") = "SmartAppointmentBookingSystem.API", "SmartAppointmentBookingSystem.API\SmartAppointmentBookingSystem.API.csproj", "{B5590F76-EFBB-443D-B249-9B097045AD94}"
EndProject
Project("{FAE04EC0-301F-11D3-BF4B-00C04F79EFBC}") = "SmartAppointmentBookingSystem.Domain", "SmartAppointmentBookingSystem.Domain\SmartAppointmentBookingSystem.Domain.csproj", "{1B4200D6-6CB3-4D36-BA27-670E0CCD83B7}"
EndProject
Project("{FAE04EC0-301F-11D3-BF4B-00C04F79EFBC}") = "SmartAppointmentBookingSystem.Application", "SmartAppointmentBookingSystem.Application\SmartAppointmentBookingSystem.Application.csproj", "{A61D1880-F544-43DB-B396-309A524EA35A}"
EndProject
Project("{FAE04EC0-301F-11D3-BF4B-00C04F79EFBC}") = "SmartAppointmentBookingSystem.Infrastructure", "SmartAppointmentBookingSystem.Infrastructure\SmartAppointmentBookingSystem.Infrastructure.csproj", "{48F477AD-7596-45B6-A26B-6A05B6F47C77}"
EndProject
Global
	GlobalSection(SolutionConfigurationPlatforms) = preSolution
		Debug|Any CPU = Debug|Any CPU
		Release|Any CPU = Release|Any CPU
	EndGlobalSection
	GlobalSection(ProjectConfigurationPlatforms) = postSolution
		{B6EFDFF0-6BF6-4F52-B5D2-20718DC1E6BA}.Debug|Any CPU.ActiveCfg = Debug|Any CPU
		{B6EFDFF0-6BF6-4F52-B5D2-20718DC1E6BA}.Debug|Any CPU.Build.0 = Debug|Any CPU
		{B6EFDFF0-6BF6-4F52-B5D2-20718DC1E6BA}.Release|Any CPU.ActiveCfg = Release|Any CPU
		{B6EFDFF0-6BF6-4F52-B5D2-20718DC1E6BA}.Release|Any CPU.Build.0 = Release|Any CPU
		{B5590F76-EFBB-443D-B249-9B097045AD94}.Debug|Any CPU.ActiveCfg = Debug|Any CPU
		{B5590F76-EFBB-443D-B249-9B097045AD94}.Debug|Any CPU.Build.0 = Debug|Any CPU
		{B5590F76-EFBB-443D-B249-9B097045AD94}.Release|Any CPU.ActiveCfg = Release|Any CPU
		{B5590F76-EFBB-443D-B249-9B097045AD94}.Release|Any CPU.Build.0 = Release|Any CPU
		{1B4200D6-6CB3-4D36-BA27-670E0CCD83B7}.Debug|Any CPU.ActiveCfg = Debug|Any CPU
		{1B4200D6-6CB3-4D36-BA27-670E0CCD83B7}.Debug|Any CPU.Build.0 = Debug|Any CPU
		{1B4200D6-6CB3-4D36-BA27-670E0CCD83B7}.Release|Any CPU.ActiveCfg = Release|Any CPU
		{1B4200D6-6CB3-4D36-BA27-670E0CCD83B7}.Release|Any CPU.Build.0 = Release|Any CPU
		{A61D1880-F544-43DB-B396-309A524EA35A}.Debug|Any CPU.ActiveCfg = Debug|Any CPU
		{A61D1880-F544-43DB-B396-309A524EA35A}.Debug|Any CPU.Build.0 = Debug|Any CPU
		{A61D1880-F544-43DB-B396-309A524EA35A}.Release|Any CPU.ActiveCfg = Release|Any CPU
		{A61D1880-F544-43DB-B396-309A524EA35A}.Release|Any CPU.Build.0 = Release|Any CPU
		{48F477AD-7596-45B6-A26B-6A05B6F47C77}.Debug|Any CPU.ActiveCfg = Debug|Any CPU
		{48F477AD-7596-45B6-A26B-6A05B6F47C77}.Debug|Any CPU.Build.0 = Debug|Any CPU
		{48F477AD-7596-45B6-A26B-6A05B6F47C77}.Release|Any CPU.ActiveCfg = Release|Any CPU
		{48F477AD-7596-45B6-A26B-6A05B6F47C77}.Release|Any CPU.Build.0 = Release|Any CPU
	EndGlobalSection
	GlobalSection(SolutionProperties) = preSolution
		HideSolutionNode = FALSE
	EndGlobalSection
	GlobalSection(ExtensibilityGlobals) = postSolution
		SolutionGuid = {296EE847-EA4A-4DE5-862D-5F46BF11931D}
	EndGlobalSection
EndGlobal
